<?xml version="1.0" encoding="utf-8"?>
<Project ToolsVersion="17.0" xmlns="http://schemas.microsoft.com/developer/msbuild/2003">
  <ItemGroup>
    <ClCompile Include="F:\20570\DBMS1\simpleDBMS-Server\src\Core.cpp">
      <Filter>Source Files</Filter>
    </ClCompile>
    <ClCompile Include="F:\20570\DBMS1\simpleDBMS-Server\src\core\SqlPipeline.cpp">
      <Filter>Source Files</Filter>
    </ClCompile>
    <ClCompile Include="F:\20570\DBMS1\simpleDBMS-Server\src\executor\ExecutorEngine.cpp">
      <Filter>Source Files</Filter>
    </ClCompile>
    <ClCompile Include="F:\20570\DBMS1\simpleDBMS-Server\src\executor\ExecutorManager.cpp">
      <Filter>Source Files</Filter>
    </ClCompile>
    <ClCompile Include="F:\20570\DBMS1\simpleDBMS-Server\src\executor\StatementExecutor.cpp">
      <Filter>Source Files</Filter>
    </ClCompile>
    <ClCompile Include="F:\20570\DBMS1\simpleDBMS-Server\src\executor\statementExecutors\CreateDbExecutor.cpp">
      <Filter>Source Files</Filter>
    </ClCompile>
    <ClCompile Include="F:\20570\DBMS1\simpleDBMS-Server\src\executor\statementExecutors\CreateTableExecutor.cpp">
      <Filter>Source Files</Filter>
    </ClCompile>
    <ClCompile Include="F:\20570\DBMS1\simpleDBMS-Server\src\executor\statementExecutors\DeleteExecutor.cpp">
      <Filter>Source Files</Filter>
    </ClCompile>
    <ClCompile Include="F:\20570\DBMS1\simpleDBMS-Server\src\executor\statementExecutors\DropExecutor.cpp">
      <Filter>Source Files</Filter>
    </ClCompile>
    <ClCompile Include="F:\20570\DBMS1\simpleDBMS-Server\src\executor\statementExecutors\InsertExecutor.cpp">
      <Filter>Source Files</Filter>
    </ClCompile>
    <ClCompile Include="F:\20570\DBMS1\simpleDBMS-Server\src\executor\statementExecutors\SelectExecutor.cpp">
      <Filter>Source Files</Filter>
    </ClCompile>
    <ClCompile Include="F:\20570\DBMS1\simpleDBMS-Server\src\executor\statementExecutors\ShowExecutor.cpp">
      <Filter>Source Files</Filter>
    </ClCompile>
    <ClCompile Include="F:\20570\DBMS1\simpleDBMS-Server\src\executor\statementExecutors\UpdateExecutor.cpp">
      <Filter>Source Files</Filter>
    </ClCompile>
    <ClCompile Include="F:\20570\DBMS1\simpleDBMS-Server\src\executor\statementExecutors\UseDbExecutor.cpp">
      <Filter>Source Files</Filter>
    </ClCompile>
    <ClCompile Include="F:\20570\DBMS1\simpleDBMS-Server\src\executor\statementExecutors\UseExecutor.cpp">
      <Filter>Source Files</Filter>
    </ClCompile>
    <ClCompile Include="F:\20570\DBMS1\simpleDBMS-Server\src\log\LogWriter.cpp">
      <Filter>Source Files</Filter>
    </ClCompile>
    <ClCompile Include="F:\20570\DBMS1\simpleDBMS-Server\src\main.cpp">
      <Filter>Source Files</Filter>
    </ClCompile>
    <ClCompile Include="F:\20570\DBMS1\simpleDBMS-Server\src\models\executor\ExecutionContext.cpp">
      <Filter>Source Files</Filter>
    </ClCompile>
    <ClCompile Include="F:\20570\DBMS1\simpleDBMS-Server\src\models\executor\ExecutionResult.cpp">
      <Filter>Source Files</Filter>
    </ClCompile>
    <ClCompile Include="F:\20570\DBMS1\simpleDBMS-Server\src\models\network\NetData.cpp">
      <Filter>Source Files</Filter>
    </ClCompile>
    <ClCompile Include="F:\20570\DBMS1\simpleDBMS-Server\src\models\network\NetworkExecutionContext.cpp">
      <Filter>Source Files</Filter>
    </ClCompile>
    <ClCompile Include="F:\20570\DBMS1\simpleDBMS-Server\src\models\network\NetworkTransferData.cpp">
      <Filter>Source Files</Filter>
    </ClCompile>
    <ClCompile Include="F:\20570\DBMS1\simpleDBMS-Server\src\models\network\SqlData.cpp">
      <Filter>Source Files</Filter>
    </ClCompile>
    <ClCompile Include="F:\20570\DBMS1\simpleDBMS-Server\src\models\parser\ConditionNode.cpp">
      <Filter>Source Files</Filter>
    </ClCompile>
    <ClCompile Include="F:\20570\DBMS1\simpleDBMS-Server\src\models\parser\CreateDbStmt.cpp">
      <Filter>Source Files</Filter>
    </ClCompile>
    <ClCompile Include="F:\20570\DBMS1\simpleDBMS-Server\src\models\parser\CreateTableStmt.cpp">
      <Filter>Source Files</Filter>
    </ClCompile>
    <ClCompile Include="F:\20570\DBMS1\simpleDBMS-Server\src\models\parser\DeleteStmt.cpp">
      <Filter>Source Files</Filter>
    </ClCompile>
    <ClCompile Include="F:\20570\DBMS1\simpleDBMS-Server\src\models\parser\DropStmt.cpp">
      <Filter>Source Files</Filter>
    </ClCompile>
    <ClCompile Include="F:\20570\DBMS1\simpleDBMS-Server\src\models\parser\InsertStmt.cpp">
      <Filter>Source Files</Filter>
    </ClCompile>
    <ClCompile Include="F:\20570\DBMS1\simpleDBMS-Server\src\models\parser\ParserException.cpp">
      <Filter>Source Files</Filter>
    </ClCompile>
    <ClCompile Include="F:\20570\DBMS1\simpleDBMS-Server\src\models\parser\SQLStatement.cpp">
      <Filter>Source Files</Filter>
    </ClCompile>
    <ClCompile Include="F:\20570\DBMS1\simpleDBMS-Server\src\models\parser\SelectStmt.cpp">
      <Filter>Source Files</Filter>
    </ClCompile>
    <ClCompile Include="F:\20570\DBMS1\simpleDBMS-Server\src\models\parser\ShowStmt.cpp">
      <Filter>Source Files</Filter>
    </ClCompile>
    <ClCompile Include="F:\20570\DBMS1\simpleDBMS-Server\src\models\parser\UpdateStmt.cpp">
      <Filter>Source Files</Filter>
    </ClCompile>
    <ClCompile Include="F:\20570\DBMS1\simpleDBMS-Server\src\models\parser\UseDbStmt.cpp">
      <Filter>Source Files</Filter>
    </ClCompile>
    <ClCompile Include="F:\20570\DBMS1\simpleDBMS-Server\src\models\parser\UseStmt.cpp">
      <Filter>Source Files</Filter>
    </ClCompile>
    <ClCompile Include="F:\20570\DBMS1\simpleDBMS-Server\src\models\storage\DatabaseBlock.cpp">
      <Filter>Source Files</Filter>
    </ClCompile>
    <ClCompile Include="F:\20570\DBMS1\simpleDBMS-Server\src\models\storage\DateTime.cpp">
      <Filter>Source Files</Filter>
    </ClCompile>
    <ClCompile Include="F:\20570\DBMS1\simpleDBMS-Server\src\models\storage\FieldBlock.cpp">
      <Filter>Source Files</Filter>
    </ClCompile>
    <ClCompile Include="F:\20570\DBMS1\simpleDBMS-Server\src\models\storage\IndexBlock.cpp">
      <Filter>Source Files</Filter>
    </ClCompile>
    <ClCompile Include="F:\20570\DBMS1\simpleDBMS-Server\src\models\storage\IntegrityBlock.cpp">
      <Filter>Source Files</Filter>
    </ClCompile>
    <ClCompile Include="F:\20570\DBMS1\simpleDBMS-Server\src\models\storage\TableBlock.cpp">
      <Filter>Source Files</Filter>
    </ClCompile>
    <ClCompile Include="F:\20570\DBMS1\simpleDBMS-Server\src\models\tokenizer\Token.cpp">
      <Filter>Source Files</Filter>
    </ClCompile>
    <ClCompile Include="F:\20570\DBMS1\simpleDBMS-Server\src\network\ClientSessionManager.cpp">
      <Filter>Source Files</Filter>
    </ClCompile>
    <ClCompile Include="F:\20570\DBMS1\simpleDBMS-Server\src\network\NetReceiver.cpp">
      <Filter>Source Files</Filter>
    </ClCompile>
    <ClCompile Include="F:\20570\DBMS1\simpleDBMS-Server\src\network\NetSender.cpp">
      <Filter>Source Files</Filter>
    </ClCompile>
    <ClCompile Include="F:\20570\DBMS1\simpleDBMS-Server\src\network\NetworkManager.cpp">
      <Filter>Source Files</Filter>
    </ClCompile>
    <ClCompile Include="F:\20570\DBMS1\simpleDBMS-Server\src\parser\Parser.cpp">
      <Filter>Source Files</Filter>
    </ClCompile>
    <ClCompile Include="F:\20570\DBMS1\simpleDBMS-Server\src\parser\ParserManager.cpp">
      <Filter>Source Files</Filter>
    </ClCompile>
    <ClCompile Include="F:\20570\DBMS1\simpleDBMS-Server\src\parser\TokenStream.cpp">
      <Filter>Source Files</Filter>
    </ClCompile>
    <ClCompile Include="F:\20570\DBMS1\simpleDBMS-Server\src\storage\manager\DatabaseManager.cpp">
      <Filter>Source Files</Filter>
    </ClCompile>
    <ClCompile Include="F:\20570\DBMS1\simpleDBMS-Server\src\storage\manager\FileManager.cpp">
      <Filter>Source Files</Filter>
    </ClCompile>
    <ClCompile Include="F:\20570\DBMS1\simpleDBMS-Server\src\storage\manager\StorageManager.cpp">
      <Filter>Source Files</Filter>
    </ClCompile>
    <ClCompile Include="F:\20570\DBMS1\simpleDBMS-Server\src\storage\manager\SystemCatalogManager.cpp">
      <Filter>Source Files</Filter>
    </ClCompile>
    <ClCompile Include="F:\20570\DBMS1\simpleDBMS-Server\src\storage\manager\TableDefManager.cpp">
      <Filter>Source Files</Filter>
    </ClCompile>
    <ClCompile Include="F:\20570\DBMS1\simpleDBMS-Server\src\storage\object\Table.cpp">
      <Filter>Source Files</Filter>
    </ClCompile>
    <ClCompile Include="F:\20570\DBMS1\simpleDBMS-Server\src\tokenizer\Tokenizer.cpp">
      <Filter>Source Files</Filter>
    </ClCompile>
  </ItemGroup>
  <ItemGroup>
    <ClInclude Include="F:\20570\DBMS1\simpleDBMS-Server\src\Core.h">
      <Filter>Header Files</Filter>
    </ClInclude>
    <ClInclude Include="F:\20570\DBMS1\simpleDBMS-Server\src\core\SqlPipeline.h">
      <Filter>Header Files</Filter>
    </ClInclude>
    <ClInclude Include="F:\20570\DBMS1\simpleDBMS-Server\src\executor\ExecutorEngine.h">
      <Filter>Header Files</Filter>
    </ClInclude>
    <ClInclude Include="F:\20570\DBMS1\simpleDBMS-Server\src\executor\ExecutorManager.h">
      <Filter>Header Files</Filter>
    </ClInclude>
    <ClInclude Include="F:\20570\DBMS1\simpleDBMS-Server\src\executor\StatementExecutor.h">
      <Filter>Header Files</Filter>
    </ClInclude>
    <ClInclude Include="F:\20570\DBMS1\simpleDBMS-Server\src\executor\statementExecutors\CreateDbExecutor.h">
      <Filter>Header Files</Filter>
    </ClInclude>
    <ClInclude Include="F:\20570\DBMS1\simpleDBMS-Server\src\executor\statementExecutors\CreateTableExecutor.h">
      <Filter>Header Files</Filter>
    </ClInclude>
    <ClInclude Include="F:\20570\DBMS1\simpleDBMS-Server\src\executor\statementExecutors\DeleteExecutor.h">
      <Filter>Header Files</Filter>
    </ClInclude>
    <ClInclude Include="F:\20570\DBMS1\simpleDBMS-Server\src\executor\statementExecutors\DropExecutor.h">
      <Filter>Header Files</Filter>
    </ClInclude>
    <ClInclude Include="F:\20570\DBMS1\simpleDBMS-Server\src\executor\statementExecutors\InsertExecutor.h">
      <Filter>Header Files</Filter>
    </ClInclude>
    <ClInclude Include="F:\20570\DBMS1\simpleDBMS-Server\src\executor\statementExecutors\SelectExecutor.h">
      <Filter>Header Files</Filter>
    </ClInclude>
    <ClInclude Include="F:\20570\DBMS1\simpleDBMS-Server\src\executor\statementExecutors\ShowExecutor.h">
      <Filter>Header Files</Filter>
    </ClInclude>
    <ClInclude Include="F:\20570\DBMS1\simpleDBMS-Server\src\executor\statementExecutors\UpdateExecutor.h">
      <Filter>Header Files</Filter>
    </ClInclude>
    <ClInclude Include="F:\20570\DBMS1\simpleDBMS-Server\src\executor\statementExecutors\UseDbExecutor.h">
      <Filter>Header Files</Filter>
    </ClInclude>
    <ClInclude Include="F:\20570\DBMS1\simpleDBMS-Server\src\executor\statementExecutors\UseExecutor.h">
      <Filter>Header Files</Filter>
    </ClInclude>
    <ClInclude Include="F:\20570\DBMS1\simpleDBMS-Server\src\log\LogWriter.h">
      <Filter>Header Files</Filter>
    </ClInclude>
    <ClInclude Include="F:\20570\DBMS1\simpleDBMS-Server\src\models\executor\ExecutionContext.h">
      <Filter>Header Files</Filter>
    </ClInclude>
    <ClInclude Include="F:\20570\DBMS1\simpleDBMS-Server\src\models\executor\ExecutionResult.h">
      <Filter>Header Files</Filter>
    </ClInclude>
    <ClInclude Include="F:\20570\DBMS1\simpleDBMS-Server\src\models\executor\ExecutionStatementType.h">
      <Filter>Header Files</Filter>
    </ClInclude>
    <ClInclude Include="F:\20570\DBMS1\simpleDBMS-Server\src\models\network\NetData.h">
      <Filter>Header Files</Filter>
    </ClInclude>
    <ClInclude Include="F:\20570\DBMS1\simpleDBMS-Server\src\models\network\NetworkExecutionContext.h">
      <Filter>Header Files</Filter>
    </ClInclude>
    <ClInclude Include="F:\20570\DBMS1\simpleDBMS-Server\src\models\network\NetworkTransferData.h">
      <Filter>Header Files</Filter>
    </ClInclude>
    <ClInclude Include="F:\20570\DBMS1\simpleDBMS-Server\src\models\network\SqlData.h">
      <Filter>Header Files</Filter>
    </ClInclude>
    <ClInclude Include="F:\20570\DBMS1\simpleDBMS-Server\src\models\parser\ConditionNode.h">
      <Filter>Header Files</Filter>
    </ClInclude>
    <ClInclude Include="F:\20570\DBMS1\simpleDBMS-Server\src\models\parser\CreateDbStmt.h">
      <Filter>Header Files</Filter>
    </ClInclude>
    <ClInclude Include="F:\20570\DBMS1\simpleDBMS-Server\src\models\parser\CreateTableStmt.h">
      <Filter>Header Files</Filter>
    </ClInclude>
    <ClInclude Include="F:\20570\DBMS1\simpleDBMS-Server\src\models\parser\DeleteStmt.h">
      <Filter>Header Files</Filter>
    </ClInclude>
    <ClInclude Include="F:\20570\DBMS1\simpleDBMS-Server\src\models\parser\DropStmt.h">
      <Filter>Header Files</Filter>
    </ClInclude>
    <ClInclude Include="F:\20570\DBMS1\simpleDBMS-Server\src\models\parser\InsertStmt.h">
      <Filter>Header Files</Filter>
    </ClInclude>
    <ClInclude Include="F:\20570\DBMS1\simpleDBMS-Server\src\models\parser\ParseResult.h">
      <Filter>Header Files</Filter>
    </ClInclude>
    <ClInclude Include="F:\20570\DBMS1\simpleDBMS-Server\src\models\parser\ParserException.h">
      <Filter>Header Files</Filter>
    </ClInclude>
    <ClInclude Include="F:\20570\DBMS1\simpleDBMS-Server\src\models\parser\SQLStatement.h">
      <Filter>Header Files</Filter>
    </ClInclude>
    <ClInclude Include="F:\20570\DBMS1\simpleDBMS-Server\src\models\parser\SelectStmt.h">
      <Filter>Header Files</Filter>
    </ClInclude>
    <ClInclude Include="F:\20570\DBMS1\simpleDBMS-Server\src\models\parser\ShowStmt.h">
      <Filter>Header Files</Filter>
    </ClInclude>
    <ClInclude Include="F:\20570\DBMS1\simpleDBMS-Server\src\models\parser\UpdateStmt.h">
      <Filter>Header Files</Filter>
    </ClInclude>
    <ClInclude Include="F:\20570\DBMS1\simpleDBMS-Server\src\models\parser\UseDbStmt.h">
      <Filter>Header Files</Filter>
    </ClInclude>
    <ClInclude Include="F:\20570\DBMS1\simpleDBMS-Server\src\models\parser\UseStmt.h">
      <Filter>Header Files</Filter>
    </ClInclude>
    <ClInclude Include="F:\20570\DBMS1\simpleDBMS-Server\src\models\storage\DatabaseBlock.h">
      <Filter>Header Files</Filter>
    </ClInclude>
    <ClInclude Include="F:\20570\DBMS1\simpleDBMS-Server\src\models\storage\DateTime.h">
      <Filter>Header Files</Filter>
    </ClInclude>
    <ClInclude Include="F:\20570\DBMS1\simpleDBMS-Server\src\models\storage\FieldBlock.h">
      <Filter>Header Files</Filter>
    </ClInclude>
    <ClInclude Include="F:\20570\DBMS1\simpleDBMS-Server\src\models\storage\IndexBlock.h">
      <Filter>Header Files</Filter>
    </ClInclude>
    <ClInclude Include="F:\20570\DBMS1\simpleDBMS-Server\src\models\storage\IntegrityBlock.h">
      <Filter>Header Files</Filter>
    </ClInclude>
    <ClInclude Include="F:\20570\DBMS1\simpleDBMS-Server\src\models\storage\TableBlock.h">
      <Filter>Header Files</Filter>
    </ClInclude>
    <ClInclude Include="F:\20570\DBMS1\simpleDBMS-Server\src\models\tokenizer\Token.h">
      <Filter>Header Files</Filter>
    </ClInclude>
    <ClInclude Include="F:\20570\DBMS1\simpleDBMS-Server\src\network\ClientSessionManager.h">
      <Filter>Header Files</Filter>
    </ClInclude>
    <ClInclude Include="F:\20570\DBMS1\simpleDBMS-Server\src\network\NetReceiver.h">
      <Filter>Header Files</Filter>
    </ClInclude>
    <ClInclude Include="F:\20570\DBMS1\simpleDBMS-Server\src\network\NetSender.h">
      <Filter>Header Files</Filter>
    </ClInclude>
    <ClInclude Include="F:\20570\DBMS1\simpleDBMS-Server\src\network\NetworkManager.h">
      <Filter>Header Files</Filter>
    </ClInclude>
    <ClInclude Include="F:\20570\DBMS1\simpleDBMS-Server\src\parser\Parser.h">
      <Filter>Header Files</Filter>
    </ClInclude>
    <ClInclude Include="F:\20570\DBMS1\simpleDBMS-Server\src\parser\ParserManager.h">
      <Filter>Header Files</Filter>
    </ClInclude>
    <ClInclude Include="F:\20570\DBMS1\simpleDBMS-Server\src\parser\TokenStream.h">
      <Filter>Header Files</Filter>
    </ClInclude>
    <ClInclude Include="F:\20570\DBMS1\simpleDBMS-Server\src\storage\manager\DatabaseManager.h">
      <Filter>Header Files</Filter>
    </ClInclude>
    <ClInclude Include="F:\20570\DBMS1\simpleDBMS-Server\src\storage\manager\FileManager.h">
      <Filter>Header Files</Filter>
    </ClInclude>
    <ClInclude Include="F:\20570\DBMS1\simpleDBMS-Server\src\storage\manager\StorageManager.h">
      <Filter>Header Files</Filter>
    </ClInclude>
    <ClInclude Include="F:\20570\DBMS1\simpleDBMS-Server\src\storage\manager\SystemCatalogManager.h">
      <Filter>Header Files</Filter>
    </ClInclude>
    <ClInclude Include="F:\20570\DBMS1\simpleDBMS-Server\src\storage\manager\TableDefManager.h">
      <Filter>Header Files</Filter>
    </ClInclude>
    <ClInclude Include="F:\20570\DBMS1\simpleDBMS-Server\src\storage\object\BTree.h">
      <Filter>Header Files</Filter>
    </ClInclude>
    <ClInclude Include="F:\20570\DBMS1\simpleDBMS-Server\src\storage\object\StorageCommon.h">
      <Filter>Header Files</Filter>
    </ClInclude>
    <ClInclude Include="F:\20570\DBMS1\simpleDBMS-Server\src\storage\object\Table.h">
      <Filter>Header Files</Filter>
    </ClInclude>
    <ClInclude Include="F:\20570\DBMS1\simpleDBMS-Server\src\tokenizer\Tokenizer.h">
      <Filter>Header Files</Filter>
    </ClInclude>
  </ItemGroup>
  <ItemGroup>
    <CustomBuild Include="F:\20570\DBMS1\simpleDBMS-Server\CMakeLists.txt" />
  </ItemGroup>
  <ItemGroup>
    <Natvis Include="F:\20570\DBMS1\simpleDBMS-Server\build-msvc\vcpkg_installed\x64-windows\share\nlohmann_json\nlohmann_json.natvis" />
  </ItemGroup>
  <ItemGroup>
    <Filter Include="Header Files">
      <UniqueIdentifier>{7FD51AD4-712B-3B01-B794-6C4629EC5F76}</UniqueIdentifier>
    </Filter>
    <Filter Include="Source Files">
      <UniqueIdentifier>{5B99DC16-F3C6-37B6-A460-979D1D5F73AB}</UniqueIdentifier>
    </Filter>
  </ItemGroup>
</Project>
