
Microsoft Visual Studio Solution File, Format Version 12.00
# Visual Studio Version 17
Project("{8BC9CEB8-8B4A-11D0-8D11-00A0C91BC942}") = "ALL_BUILD", "ALL_BUILD.vcxproj", "{18E5FA59-2461-359B-87C9-8A71CF0EDB93}"
	ProjectSection(ProjectDependencies) = postProject
		{7EC80150-5BA9-3051-9B83-CD152104A1A5} = {7EC80150-5BA9-3051-9B83-CD152104A1A5}
		{A7684500-6F43-3268-A947-01F202CEBEFA} = {A7684500-6F43-3268-A947-01F202CEBEFA}
		{CCBBD2CE-D1B5-3BA5-B52C-C5D3389D3CC5} = {CCBBD2CE-D1B5-3BA5-B52C-C5D3389D3CC5}
	EndProjectSection
EndProject
Project("{8BC9CEB8-8B4A-11D0-8D11-00A0C91BC942}") = "ZERO_CHECK", "ZERO_CHECK.vcxproj", "{7EC80150-5BA9-3051-9B83-CD152104A1A5}"
	ProjectSection(ProjectDependencies) = postProject
	EndProjectSection
EndProject
Project("{8BC9CEB8-8B4A-11D0-8D11-00A0C91BC942}") = "simpleDBMS-Server", "simpleDBMS-Server.vcxproj", "{A7684500-6F43-3268-A947-01F202CEBEFA}"
	ProjectSection(ProjectDependencies) = postProject
		{7EC80150-5BA9-3051-9B83-CD152104A1A5} = {7EC80150-5BA9-3051-9B83-CD152104A1A5}
	EndProjectSection
EndProject
Project("{8BC9CEB8-8B4A-11D0-8D11-00A0C91BC942}") = "simpleDBMS-Server-NetworkSqlFlowTest", "simpleDBMS-Server-NetworkSqlFlowTest.vcxproj", "{CCBBD2CE-D1B5-3BA5-B52C-C5D3389D3CC5}"
	ProjectSection(ProjectDependencies) = postProject
		{7EC80150-5BA9-3051-9B83-CD152104A1A5} = {7EC80150-5BA9-3051-9B83-CD152104A1A5}
	EndProjectSection
EndProject
Global
	GlobalSection(SolutionConfigurationPlatforms) = preSolution
		Debug|x64 = Debug|x64
		Release|x64 = Release|x64
		MinSizeRel|x64 = MinSizeRel|x64
		RelWithDebInfo|x64 = RelWithDebInfo|x64
	EndGlobalSection
	GlobalSection(ProjectConfigurationPlatforms) = postSolution
		{18E5FA59-2461-359B-87C9-8A71CF0EDB93}.Debug|x64.ActiveCfg = Debug|x64
		{18E5FA59-2461-359B-87C9-8A71CF0EDB93}.Release|x64.ActiveCfg = Release|x64
		{18E5FA59-2461-359B-87C9-8A71CF0EDB93}.MinSizeRel|x64.ActiveCfg = MinSizeRel|x64
		{18E5FA59-2461-359B-87C9-8A71CF0EDB93}.RelWithDebInfo|x64.ActiveCfg = RelWithDebInfo|x64
		{7EC80150-5BA9-3051-9B83-CD152104A1A5}.Debug|x64.ActiveCfg = Debug|x64
		{7EC80150-5BA9-3051-9B83-CD152104A1A5}.Debug|x64.Build.0 = Debug|x64
		{7EC80150-5BA9-3051-9B83-CD152104A1A5}.Release|x64.ActiveCfg = Release|x64
		{7EC80150-5BA9-3051-9B83-CD152104A1A5}.Release|x64.Build.0 = Release|x64
		{7EC80150-5BA9-3051-9B83-CD152104A1A5}.MinSizeRel|x64.ActiveCfg = MinSizeRel|x64
		{7EC80150-5BA9-3051-9B83-CD152104A1A5}.MinSizeRel|x64.Build.0 = MinSizeRel|x64
		{7EC80150-5BA9-3051-9B83-CD152104A1A5}.RelWithDebInfo|x64.ActiveCfg = RelWithDebInfo|x64
		{7EC80150-5BA9-3051-9B83-CD152104A1A5}.RelWithDebInfo|x64.Build.0 = RelWithDebInfo|x64
		{A7684500-6F43-3268-A947-01F202CEBEFA}.Debug|x64.ActiveCfg = Debug|x64
		{A7684500-6F43-3268-A947-01F202CEBEFA}.Debug|x64.Build.0 = Debug|x64
		{A7684500-6F43-3268-A947-01F202CEBEFA}.Release|x64.ActiveCfg = Release|x64
		{A7684500-6F43-3268-A947-01F202CEBEFA}.Release|x64.Build.0 = Release|x64
		{A7684500-6F43-3268-A947-01F202CEBEFA}.MinSizeRel|x64.ActiveCfg = MinSizeRel|x64
		{A7684500-6F43-3268-A947-01F202CEBEFA}.MinSizeRel|x64.Build.0 = MinSizeRel|x64
		{A7684500-6F43-3268-A947-01F202CEBEFA}.RelWithDebInfo|x64.ActiveCfg = RelWithDebInfo|x64
		{A7684500-6F43-3268-A947-01F202CEBEFA}.RelWithDebInfo|x64.Build.0 = RelWithDebInfo|x64
		{CCBBD2CE-D1B5-3BA5-B52C-C5D3389D3CC5}.Debug|x64.ActiveCfg = Debug|x64
		{CCBBD2CE-D1B5-3BA5-B52C-C5D3389D3CC5}.Debug|x64.Build.0 = Debug|x64
		{CCBBD2CE-D1B5-3BA5-B52C-C5D3389D3CC5}.Release|x64.ActiveCfg = Release|x64
		{CCBBD2CE-D1B5-3BA5-B52C-C5D3389D3CC5}.Release|x64.Build.0 = Release|x64
		{CCBBD2CE-D1B5-3BA5-B52C-C5D3389D3CC5}.MinSizeRel|x64.ActiveCfg = MinSizeRel|x64
		{CCBBD2CE-D1B5-3BA5-B52C-C5D3389D3CC5}.MinSizeRel|x64.Build.0 = MinSizeRel|x64
		{CCBBD2CE-D1B5-3BA5-B52C-C5D3389D3CC5}.RelWithDebInfo|x64.ActiveCfg = RelWithDebInfo|x64
		{CCBBD2CE-D1B5-3BA5-B52C-C5D3389D3CC5}.RelWithDebInfo|x64.Build.0 = RelWithDebInfo|x64
	EndGlobalSection
	GlobalSection(ExtensibilityGlobals) = postSolution
		SolutionGuid = {E08C2AFA-F95D-3D2D-9AFC-FB3BEF2B2637}
	EndGlobalSection
	GlobalSection(ExtensibilityAddIns) = postSolution
	EndGlobalSection
EndGlobal
