<?xml version="1.0" encoding="utf-8"?>
<Project ToolsVersion="17.0" xmlns="http://schemas.microsoft.com/developer/msbuild/2003">
  <ItemGroup>
    <CustomBuild Include="F:\20570\DBMS1\simpleDBMS-Server\build-msvc\CMakeFiles\f39727efdcfb8eabcc38a441308bb5ee\generate.stamp.rule">
      <Filter>CMake Rules</Filter>
    </CustomBuild>
  </ItemGroup>
  <ItemGroup>
    <Filter Include="CMake Rules">
      <UniqueIdentifier>{EE26E38E-3E50-3126-867D-F2A09E5934A1}</UniqueIdentifier>
    </Filter>
  </ItemGroup>
</Project>
